
Microsoft Visual Studio Solution File, Format Version 12.00
# Visual Studio Version 16
VisualStudioVersion = 16.0.31019.35
MinimumVisualStudioVersion = 10.0.40219.1
Project("{FAE04EC0-301F-11D3-BF4B-00C04F79EFBC}") = "labirinto", "labirinto\labirinto.csproj", "{011FD1DB-7BE5-4D49-9D9C-67647BE6AC5C}"
EndProject
Global
	GlobalSection(SolutionConfigurationPlatforms) = preSolution
		Debug|Any CPU = Debug|Any CPU
		Release|Any CPU = Release|Any CPU
	EndGlobalSection
	GlobalSection(ProjectConfigurationPlatforms) = postSolution
		{011FD1DB-7BE5-4D49-9D9C-67647BE6AC5C}.Debug|Any CPU.ActiveCfg = Debug|Any CPU
		{011FD1DB-7BE5-4D49-9D9C-67647BE6AC5C}.Debug|Any CPU.Build.0 = Debug|Any CPU
		{011FD1DB-7BE5-4D49-9D9C-67647BE6AC5C}.Release|Any CPU.ActiveCfg = Release|Any CPU
		{011FD1DB-7BE5-4D49-9D9C-67647BE6AC5C}.Release|Any CPU.Build.0 = Release|Any CPU
	EndGlobalSection
	GlobalSection(SolutionProperties) = preSolution
		HideSolutionNode = FALSE
	EndGlobalSection
	GlobalSection(ExtensibilityGlobals) = postSolution
		SolutionGuid = {7B032707-7E25-4C2A-8EAC-0F0FD21FFAD5}
	EndGlobalSection
EndGlobal
